
Microsoft Visual Studio Solution File, Format Version 12.00
# Visual Studio Version 17
VisualStudioVersion = 17.11.35431.28
MinimumVisualStudioVersion = 10.0.40219.1
Project("{FAE04EC0-301F-11D3-BF4B-00C04F79EFBC}") = "Ejercicio Telegrama", "Ejercicio Telegrama.csproj", "{43772F1A-E778-4A08-9B1A-787190F12F0D}"
EndProject
Global
	GlobalSection(SolutionConfigurationPlatforms) = preSolution
		Debug|Any CPU = Debug|Any CPU
		Release|Any CPU = Release|Any CPU
	EndGlobalSection
	GlobalSection(ProjectConfigurationPlatforms) = postSolution
		{43772F1A-E778-4A08-9B1A-787190F12F0D}.Debug|Any CPU.ActiveCfg = Debug|Any CPU
		{43772F1A-E778-4A08-9B1A-787190F12F0D}.Debug|Any CPU.Build.0 = Debug|Any CPU
		{43772F1A-E778-4A08-9B1A-787190F12F0D}.Release|Any CPU.ActiveCfg = Release|Any CPU
		{43772F1A-E778-4A08-9B1A-787190F12F0D}.Release|Any CPU.Build.0 = Release|Any CPU
	EndGlobalSection
	GlobalSection(SolutionProperties) = preSolution
		HideSolutionNode = FALSE
	EndGlobalSection
	GlobalSection(ExtensibilityGlobals) = postSolution
		SolutionGuid = {2DCD5893-36C2-45F7-BA9E-29A24BECCE7A}
	EndGlobalSection
EndGlobal
